// !$*UTF8*$!
{
	archiveVersion = 1;
	classes = {
	};
	objectVersion = 56;
	objects = {

/* Begin PBXBuildFile section */
		5D834DD62A44E128003FCFF9 /* playerslist.swift in Sources */ = {isa = PBXBuildFile; fileRef = 5D834DD52A44E128003FCFF9 /* playerslist.swift */; };
		5D834DD82A44E2C3003FCFF9 /* gameslist.swift in Sources */ = {isa = PBXBuildFile; fileRef = 5D834DD72A44E2C3003FCFF9 /* gameslist.swift */; };
		5D9198A62A42C5570077EB8B /* sparks.swift in Sources */ = {isa = PBXBuildFile; fileRef = 5D9198A52A42C5570077EB8B /* sparks.swift */; };
		5DA230132A40D281005E3CDF /* gameview.swift in Sources */ = {isa = PBXBuildFile; fileRef = 5DA230122A40D281005E3CDF /* gameview.swift */; };
		5DB346812A4B7DB300C6CC36 /* scoreCard.swift in Sources */ = {isa = PBXBuildFile; fileRef = 5DB346802A4B7DB300C6CC36 /* scoreCard.swift */; };
		5DC337022A402F2800F56AA4 /* DiscgolfApp.swift in Sources */ = {isa = PBXBuildFile; fileRef = 5DC337012A402F2800F56AA4 /* DiscgolfApp.swift */; };
		5DC337042A402F2800F56AA4 /* ContentView.swift in Sources */ = {isa = PBXBuildFile; fileRef = 5DC337032A402F2800F56AA4 /* ContentView.swift */; };
		5DC337062A402F2900F56AA4 /* Assets.xcassets in Resources */ = {isa = PBXBuildFile; fileRef = 5DC337052A402F2900F56AA4 /* Assets.xcassets */; };
		5DC337092A402F2900F56AA4 /* Preview Assets.xcassets in Resources */ = {isa = PBXBuildFile; fileRef = 5DC337082A402F2900F56AA4 /* Preview Assets.xcassets */; };
		5DC3370B2A402F2900F56AA4 /* Persistence.swift in Sources */ = {isa = PBXBuildFile; fileRef = 5DC3370A2A402F2900F56AA4 /* Persistence.swift */; };
		5DC3370E2A402F2900F56AA4 /* Discgolf.xcdatamodeld in Sources */ = {isa = PBXBuildFile; fileRef = 5DC3370C2A402F2900F56AA4 /* Discgolf.xcdatamodeld */; };
		5DE1D7A62A42442B001F622D /* createplayer.swift in Sources */ = {isa = PBXBuildFile; fileRef = 5DE1D7A52A42442B001F622D /* createplayer.swift */; };
		5DE1D7A82A42464F001F622D /* Sparks.sks in Resources */ = {isa = PBXBuildFile; fileRef = 5DE1D7A72A42464F001F622D /* Sparks.sks */; };
		5DFBBEAE2A4620B30014D358 /* colorGenerator.swift in Sources */ = {isa = PBXBuildFile; fileRef = 5DFBBEAD2A4620B30014D358 /* colorGenerator.swift */; };
/* End PBXBuildFile section */

/* Begin PBXFileReference section */
		5D834DD52A44E128003FCFF9 /* playerslist.swift */ = {isa = PBXFileReference; lastKnownFileType = sourcecode.swift; path = playerslist.swift; sourceTree = "<group>"; };
		5D834DD72A44E2C3003FCFF9 /* gameslist.swift */ = {isa = PBXFileReference; lastKnownFileType = sourcecode.swift; path = gameslist.swift; sourceTree = "<group>"; };
		5D9198A52A42C5570077EB8B /* sparks.swift */ = {isa = PBXFileReference; lastKnownFileType = sourcecode.swift; path = sparks.swift; sourceTree = "<group>"; };
		5DA230122A40D281005E3CDF /* gameview.swift */ = {isa = PBXFileReference; lastKnownFileType = sourcecode.swift; path = gameview.swift; sourceTree = "<group>"; };
		5DB346802A4B7DB300C6CC36 /* scoreCard.swift */ = {isa = PBXFileReference; lastKnownFileType = sourcecode.swift; path = scoreCard.swift; sourceTree = "<group>"; };
		5DC336FE2A402F2800F56AA4 /* Discgolf.app */ = {isa = PBXFileReference; explicitFileType = wrapper.application; includeInIndex = 0; path = Discgolf.app; sourceTree = BUILT_PRODUCTS_DIR; };
		5DC337012A402F2800F56AA4 /* DiscgolfApp.swift */ = {isa = PBXFileReference; lastKnownFileType = sourcecode.swift; path = DiscgolfApp.swift; sourceTree = "<group>"; };
		5DC337032A402F2800F56AA4 /* ContentView.swift */ = {isa = PBXFileReference; lastKnownFileType = sourcecode.swift; path = ContentView.swift; sourceTree = "<group>"; };
		5DC337052A402F2900F56AA4 /* Assets.xcassets */ = {isa = PBXFileReference; lastKnownFileType = folder.assetcatalog; path = Assets.xcassets; sourceTree = "<group>"; };
		5DC337082A402F2900F56AA4 /* Preview Assets.xcassets */ = {isa = PBXFileReference; lastKnownFileType = folder.assetcatalog; path = "Preview Assets.xcassets"; sourceTree = "<group>"; };
		5DC3370A2A402F2900F56AA4 /* Persistence.swift */ = {isa = PBXFileReference; lastKnownFileType = sourcecode.swift; path = Persistence.swift; sourceTree = "<group>"; };
		5DC3370D2A402F2900F56AA4 /* Discgolf.xcdatamodel */ = {isa = PBXFileReference; lastKnownFileType = wrapper.xcdatamodel; path = Discgolf.xcdatamodel; sourceTree = "<group>"; };
		5DC3370F2A402F2900F56AA4 /* Info.plist */ = {isa = PBXFileReference; lastKnownFileType = text.plist.xml; path = Info.plist; sourceTree = "<group>"; };
		5DE1D7A52A42442B001F622D /* createplayer.swift */ = {isa = PBXFileReference; lastKnownFileType = sourcecode.swift; path = createplayer.swift; sourceTree = "<group>"; };
		5DE1D7A72A42464F001F622D /* Sparks.sks */ = {isa = PBXFileReference; lastKnownFileType = file.sks; path = Sparks.sks; sourceTree = "<group>"; };
		5DFBBEAD2A4620B30014D358 /* colorGenerator.swift */ = {isa = PBXFileReference; lastKnownFileType = sourcecode.swift; path = colorGenerator.swift; sourceTree = "<group>"; };
/* End PBXFileReference section */

/* Begin PBXFrameworksBuildPhase section */
		5DC336FB2A402F2800F56AA4 /* Frameworks */ = {
			isa = PBXFrameworksBuildPhase;
			buildActionMask = 2147483647;
			files = (
			);
			runOnlyForDeploymentPostprocessing = 0;
		};
/* End PBXFrameworksBuildPhase section */

/* Begin PBXGroup section */
		5DC336F52A402F2800F56AA4 = {
			isa = PBXGroup;
			children = (
				5DC337002A402F2800F56AA4 /* Discgolf */,
				5DC336FF2A402F2800F56AA4 /* Products */,
			);
			sourceTree = "<group>";
		};
		5DC336FF2A402F2800F56AA4 /* Products */ = {
			isa = PBXGroup;
			children = (
				5DC336FE2A402F2800F56AA4 /* Discgolf.app */,
			);
			name = Products;
			sourceTree = "<group>";
		};
		5DC337002A402F2800F56AA4 /* Discgolf */ = {
			isa = PBXGroup;
			children = (
				5DC337012A402F2800F56AA4 /* DiscgolfApp.swift */,
				5DC337032A402F2800F56AA4 /* ContentView.swift */,
				5D834DD72A44E2C3003FCFF9 /* gameslist.swift */,
				5DFBBEAD2A4620B30014D358 /* colorGenerator.swift */,
				5D834DD52A44E128003FCFF9 /* playerslist.swift */,
				5D9198A52A42C5570077EB8B /* sparks.swift */,
				5DE1D7A72A42464F001F622D /* Sparks.sks */,
				5DA230122A40D281005E3CDF /* gameview.swift */,
				5DB346802A4B7DB300C6CC36 /* scoreCard.swift */,
				5DE1D7A52A42442B001F622D /* createplayer.swift */,
				5DC337052A402F2900F56AA4 /* Assets.xcassets */,
				5DC3370A2A402F2900F56AA4 /* Persistence.swift */,
				5DC3370F2A402F2900F56AA4 /* Info.plist */,
				5DC3370C2A402F2900F56AA4 /* Discgolf.xcdatamodeld */,
				5DC337072A402F2900F56AA4 /* Preview Content */,
			);
			path = Discgolf;
			sourceTree = "<group>";
		};
		5DC337072A402F2900F56AA4 /* Preview Content */ = {
			isa = PBXGroup;
			children = (
				5DC337082A402F2900F56AA4 /* Preview Assets.xcassets */,
			);
			path = "Preview Content";
			sourceTree = "<group>";
		};
/* End PBXGroup section */

/* Begin PBXNativeTarget section */
		5DC336FD2A402F2800F56AA4 /* Discgolf */ = {
			isa = PBXNativeTarget;
			buildConfigurationList = 5DC337122A402F2900F56AA4 /* Build configuration list for PBXNativeTarget "Discgolf" */;
			buildPhases = (
				5DC336FA2A402F2800F56AA4 /* Sources */,
				5DC336FB2A402F2800F56AA4 /* Frameworks */,
				5DC336FC2A402F2800F56AA4 /* Resources */,
			);
			buildRules = (
			);
			dependencies = (
			);
			name = Discgolf;
			productName = Discgolf;
			productReference = 5DC336FE2A402F2800F56AA4 /* Discgolf.app */;
			productType = "com.apple.product-type.application";
		};
/* End PBXNativeTarget section */

/* Begin PBXProject section */
		5DC336F62A402F2800F56AA4 /* Project object */ = {
			isa = PBXProject;
			attributes = {
				BuildIndependentTargetsInParallel = 1;
				LastSwiftUpdateCheck = 1430;
				LastUpgradeCheck = 1430;
				TargetAttributes = {
					5DC336FD2A402F2800F56AA4 = {
						CreatedOnToolsVersion = 14.3.1;
					};
				};
			};
			buildConfigurationList = 5DC336F92A402F2800F56AA4 /* Build configuration list for PBXProject "Discgolf" */;
			compatibilityVersion = "Xcode 14.0";
			developmentRegion = en;
			hasScannedForEncodings = 0;
			knownRegions = (
				en,
				Base,
			);
			mainGroup = 5DC336F52A402F2800F56AA4;
			productRefGroup = 5DC336FF2A402F2800F56AA4 /* Products */;
			projectDirPath = "";
			projectRoot = "";
			targets = (
				5DC336FD2A402F2800F56AA4 /* Discgolf */,
			);
		};
/* End PBXProject section */

/* Begin PBXResourcesBuildPhase section */
		5DC336FC2A402F2800F56AA4 /* Resources */ = {
			isa = PBXResourcesBuildPhase;
			buildActionMask = 2147483647;
			files = (
				5DC337092A402F2900F56AA4 /* Preview Assets.xcassets in Resources */,
				5DE1D7A82A42464F001F622D /* Sparks.sks in Resources */,
				5DC337062A402F2900F56AA4 /* Assets.xcassets in Resources */,
			);
			runOnlyForDeploymentPostprocessing = 0;
		};
/* End PBXResourcesBuildPhase section */

/* Begin PBXSourcesBuildPhase section */
		5DC336FA2A402F2800F56AA4 /* Sources */ = {
			isa = PBXSourcesBuildPhase;
			buildActionMask = 2147483647;
			files = (
				5D834DD82A44E2C3003FCFF9 /* gameslist.swift in Sources */,
				5D834DD62A44E128003FCFF9 /* playerslist.swift in Sources */,
				5DE1D7A62A42442B001F622D /* createplayer.swift in Sources */,
				5DC3370E2A402F2900F56AA4 /* Discgolf.xcdatamodeld in Sources */,
				5DC3370B2A402F2900F56AA4 /* Persistence.swift in Sources */,
				5DB346812A4B7DB300C6CC36 /* scoreCard.swift in Sources */,
				5DA230132A40D281005E3CDF /* gameview.swift in Sources */,
				5DC337042A402F2800F56AA4 /* ContentView.swift in Sources */,
				5DFBBEAE2A4620B30014D358 /* colorGenerator.swift in Sources */,
				5DC337022A402F2800F56AA4 /* DiscgolfApp.swift in Sources */,
				5D9198A62A42C5570077EB8B /* sparks.swift in Sources */,
			);
			runOnlyForDeploymentPostprocessing = 0;
		};
/* End PBXSourcesBuildPhase section */

/* Begin XCBuildConfiguration section */
		5DC337102A402F2900F56AA4 /* Debug */ = {
			isa = XCBuildConfiguration;
			buildSettings = {
				ALWAYS_SEARCH_USER_PATHS = NO;
				CLANG_ANALYZER_NONNULL = YES;
				CLANG_ANALYZER_NUMBER_OBJECT_CONVERSION = YES_AGGRESSIVE;
				CLANG_CXX_LANGUAGE_STANDARD = "gnu++20";
				CLANG_ENABLE_MODULES = YES;
				CLANG_ENABLE_OBJC_ARC = YES;
				CLANG_ENABLE_OBJC_WEAK = YES;
				CLANG_WARN_BLOCK_CAPTURE_AUTORELEASING = YES;
				CLANG_WARN_BOOL_CONVERSION = YES;
				CLANG_WARN_COMMA = YES;
				CLANG_WARN_CONSTANT_CONVERSION = YES;
				CLANG_WARN_DEPRECATED_OBJC_IMPLEMENTATIONS = YES;
				CLANG_WARN_DIRECT_OBJC_ISA_USAGE = YES_ERROR;
				CLANG_WARN_DOCUMENTATION_COMMENTS = YES;
				CLANG_WARN_EMPTY_BODY = YES;
				CLANG_WARN_ENUM_CONVERSION = YES;
				CLANG_WARN_INFINITE_RECURSION = YES;
				CLANG_WARN_INT_CONVERSION = YES;
				CLANG_WARN_NON_LITERAL_NULL_CONVERSION = YES;
				CLANG_WARN_OBJC_IMPLICIT_RETAIN_SELF = YES;
				CLANG_WARN_OBJC_LITERAL_CONVERSION = YES;
				CLANG_WARN_OBJC_ROOT_CLASS = YES_ERROR;
				CLANG_WARN_QUOTED_INCLUDE_IN_FRAMEWORK_HEADER = YES;
				CLANG_WARN_RANGE_LOOP_ANALYSIS = YES;
				CLANG_WARN_STRICT_PROTOTYPES = YES;
				CLANG_WARN_SUSPICIOUS_MOVE = YES;
				CLANG_WARN_UNGUARDED_AVAILABILITY = YES_AGGRESSIVE;
				CLANG_WARN_UNREACHABLE_CODE = YES;
				CLANG_WARN__DUPLICATE_METHOD_MATCH = YES;
				COPY_PHASE_STRIP = NO;
				DEBUG_INFORMATION_FORMAT = dwarf;
				ENABLE_STRICT_OBJC_MSGSEND = YES;
				ENABLE_TESTABILITY = YES;
				GCC_C_LANGUAGE_STANDARD = gnu11;
				GCC_DYNAMIC_NO_PIC = NO;
				GCC_NO_COMMON_BLOCKS = YES;
				GCC_OPTIMIZATION_LEVEL = 0;
				GCC_PREPROCESSOR_DEFINITIONS = (
					"DEBUG=1",
					"$(inherited)",
				);
				GCC_WARN_64_TO_32_BIT_CONVERSION = YES;
				GCC_WARN_ABOUT_RETURN_TYPE = YES_ERROR;
				GCC_WARN_UNDECLARED_SELECTOR = YES;
				GCC_WARN_UNINITIALIZED_AUTOS = YES_AGGRESSIVE;
				GCC_WARN_UNUSED_FUNCTION = YES;
				GCC_WARN_UNUSED_VARIABLE = YES;
				IPHONEOS_DEPLOYMENT_TARGET = 16.4;
				MTL_ENABLE_DEBUG_INFO = INCLUDE_SOURCE;
				MTL_FAST_MATH = YES;
				ONLY_ACTIVE_ARCH = YES;
				SDKROOT = iphoneos;
				SWIFT_ACTIVE_COMPILATION_CONDITIONS = DEBUG;
				SWIFT_OPTIMIZATION_LEVEL = "-Onone";
			};
			name = Debug;
		};
		5DC337112A402F2900F56AA4 /* Release */ = {
			isa = XCBuildConfiguration;
			buildSettings = {
				ALWAYS_SEARCH_USER_PATHS = NO;
				CLANG_ANALYZER_NONNULL = YES;
				CLANG_ANALYZER_NUMBER_OBJECT_CONVERSION = YES_AGGRESSIVE;
				CLANG_CXX_LANGUAGE_STANDARD = "gnu++20";
				CLANG_ENABLE_MODULES = YES;
				CLANG_ENABLE_OBJC_ARC = YES;
				CLANG_ENABLE_OBJC_WEAK = YES;
				CLANG_WARN_BLOCK_CAPTURE_AUTORELEASING = YES;
				CLANG_WARN_BOOL_CONVERSION = YES;
				CLANG_WARN_COMMA = YES;
				CLANG_WARN_CONSTANT_CONVERSION = YES;
				CLANG_WARN_DEPRECATED_OBJC_IMPLEMENTATIONS = YES;
				CLANG_WARN_DIRECT_OBJC_ISA_USAGE = YES_ERROR;
				CLANG_WARN_DOCUMENTATION_COMMENTS = YES;
				CLANG_WARN_EMPTY_BODY = YES;
				CLANG_WARN_ENUM_CONVERSION = YES;
				CLANG_WARN_INFINITE_RECURSION = YES;
				CLANG_WARN_INT_CONVERSION = YES;
				CLANG_WARN_NON_LITERAL_NULL_CONVERSION = YES;
				CLANG_WARN_OBJC_IMPLICIT_RETAIN_SELF = YES;
				CLANG_WARN_OBJC_LITERAL_CONVERSION = YES;
				CLANG_WARN_OBJC_ROOT_CLASS = YES_ERROR;
				CLANG_WARN_QUOTED_INCLUDE_IN_FRAMEWORK_HEADER = YES;
				CLANG_WARN_RANGE_LOOP_ANALYSIS = YES;
				CLANG_WARN_STRICT_PROTOTYPES = YES;
				CLANG_WARN_SUSPICIOUS_MOVE = YES;
				CLANG_WARN_UNGUARDED_AVAILABILITY = YES_AGGRESSIVE;
				CLANG_WARN_UNREACHABLE_CODE = YES;
				CLANG_WARN__DUPLICATE_METHOD_MATCH = YES;
				COPY_PHASE_STRIP = NO;
				DEBUG_INFORMATION_FORMAT = "dwarf-with-dsym";
				ENABLE_NS_ASSERTIONS = NO;
				ENABLE_STRICT_OBJC_MSGSEND = YES;
				GCC_C_LANGUAGE_STANDARD = gnu11;
				GCC_NO_COMMON_BLOCKS = YES;
				GCC_WARN_64_TO_32_BIT_CONVERSION = YES;
				GCC_WARN_ABOUT_RETURN_TYPE = YES_ERROR;
				GCC_WARN_UNDECLARED_SELECTOR = YES;
				GCC_WARN_UNINITIALIZED_AUTOS = YES_AGGRESSIVE;
				GCC_WARN_UNUSED_FUNCTION = YES;
				GCC_WARN_UNUSED_VARIABLE = YES;
				IPHONEOS_DEPLOYMENT_TARGET = 16.4;
				MTL_ENABLE_DEBUG_INFO = NO;
				MTL_FAST_MATH = YES;
				SDKROOT = iphoneos;
				SWIFT_COMPILATION_MODE = wholemodule;
				SWIFT_OPTIMIZATION_LEVEL = "-O";
				VALIDATE_PRODUCT = YES;
			};
			name = Release;
		};
		5DC337132A402F2900F56AA4 /* Debug */ = {
			isa = XCBuildConfiguration;
			buildSettings = {
				ASSETCATALOG_COMPILER_APPICON_NAME = AppIcon;
				ASSETCATALOG_COMPILER_GLOBAL_ACCENT_COLOR_NAME = AccentColor;
				CODE_SIGN_STYLE = Automatic;
				CURRENT_PROJECT_VERSION = 1;
				DEVELOPMENT_ASSET_PATHS = "\"Discgolf/Preview Content\"";
				DEVELOPMENT_TEAM = 6J57A4298A;
				ENABLE_PREVIEWS = YES;
				GENERATE_INFOPLIST_FILE = YES;
				INFOPLIST_KEY_UIApplicationSceneManifest_Generation = YES;
				INFOPLIST_KEY_UIApplicationSupportsIndirectInputEvents = YES;
				INFOPLIST_KEY_UILaunchScreen_Generation = YES;
				INFOPLIST_KEY_UISupportedInterfaceOrientations_iPad = "UIInterfaceOrientationPortrait UIInterfaceOrientationPortraitUpsideDown UIInterfaceOrientationLandscapeLeft UIInterfaceOrientationLandscapeRight";
				INFOPLIST_KEY_UISupportedInterfaceOrientations_iPhone = "UIInterfaceOrientationPortrait UIInterfaceOrientationLandscapeLeft UIInterfaceOrientationLandscapeRight";
				IPHONEOS_DEPLOYMENT_TARGET = 15.0;
				LD_RUNPATH_SEARCH_PATHS = (
					"$(inherited)",
					"@executable_path/Frameworks",
				);
				MARKETING_VERSION = 1.0;
				PRODUCT_BUNDLE_IDENTIFIER = com.yaosamo.Discgolf;
				PRODUCT_NAME = "$(TARGET_NAME)";
				SWIFT_EMIT_LOC_STRINGS = YES;
				SWIFT_VERSION = 5.0;
				TARGETED_DEVICE_FAMILY = "1,2";
			};
			name = Debug;
		};
		5DC337142A402F2900F56AA4 /* Release */ = {
			isa = XCBuildConfiguration;
			buildSettings = {
				ASSETCATALOG_COMPILER_APPICON_NAME = AppIcon;
				ASSETCATALOG_COMPILER_GLOBAL_ACCENT_COLOR_NAME = AccentColor;
				CODE_SIGN_STYLE = Automatic;
				CURRENT_PROJECT_VERSION = 1;
				DEVELOPMENT_ASSET_PATHS = "\"Discgolf/Preview Content\"";
				DEVELOPMENT_TEAM = 6J57A4298A;
				ENABLE_PREVIEWS = YES;
				GENERATE_INFOPLIST_FILE = YES;
				INFOPLIST_KEY_UIApplicationSceneManifest_Generation = YES;
				INFOPLIST_KEY_UIApplicationSupportsIndirectInputEvents = YES;
				INFOPLIST_KEY_UILaunchScreen_Generation = YES;
				INFOPLIST_KEY_UISupportedInterfaceOrientations_iPad = "UIInterfaceOrientationPortrait UIInterfaceOrientationPortraitUpsideDown UIInterfaceOrientationLandscapeLeft UIInterfaceOrientationLandscapeRight";
				INFOPLIST_KEY_UISupportedInterfaceOrientations_iPhone = "UIInterfaceOrientationPortrait UIInterfaceOrientationLandscapeLeft UIInterfaceOrientationLandscapeRight";
				IPHONEOS_DEPLOYMENT_TARGET = 15.0;
				LD_RUNPATH_SEARCH_PATHS = (
					"$(inherited)",
					"@executable_path/Frameworks",
				);
				MARKETING_VERSION = 1.0;
				PRODUCT_BUNDLE_IDENTIFIER = com.yaosamo.Discgolf;
				PRODUCT_NAME = "$(TARGET_NAME)";
				SWIFT_EMIT_LOC_STRINGS = YES;
				SWIFT_VERSION = 5.0;
				TARGETED_DEVICE_FAMILY = "1,2";
			};
			name = Release;
		};
/* End XCBuildConfiguration section */

/* Begin XCConfigurationList section */
		5DC336F92A402F2800F56AA4 /* Build configuration list for PBXProject "Discgolf" */ = {
			isa = XCConfigurationList;
			buildConfigurations = (
				5DC337102A402F2900F56AA4 /* Debug */,
				5DC337112A402F2900F56AA4 /* Release */,
			);
			defaultConfigurationIsVisible = 0;
			defaultConfigurationName = Release;
		};
		5DC337122A402F2900F56AA4 /* Build configuration list for PBXNativeTarget "Discgolf" */ = {
			isa = XCConfigurationList;
			buildConfigurations = (
				5DC337132A402F2900F56AA4 /* Debug */,
				5DC337142A402F2900F56AA4 /* Release */,
			);
			defaultConfigurationIsVisible = 0;
			defaultConfigurationName = Release;
		};
/* End XCConfigurationList section */

/* Begin XCVersionGroup section */
		5DC3370C2A402F2900F56AA4 /* Discgolf.xcdatamodeld */ = {
			isa = XCVersionGroup;
			children = (
				5DC3370D2A402F2900F56AA4 /* Discgolf.xcdatamodel */,
			);
			currentVersion = 5DC3370D2A402F2900F56AA4 /* Discgolf.xcdatamodel */;
			path = Discgolf.xcdatamodeld;
			sourceTree = "<group>";
			versionGroupType = wrapper.xcdatamodel;
		};
/* End XCVersionGroup section */
	};
	rootObject = 5DC336F62A402F2800F56AA4 /* Project object */;
}
